
Microsoft Visual Studio Solution File, Format Version 12.00
# Visual Studio 15
VisualStudioVersion = 15.0.28307.329
MinimumVisualStudioVersion = 10.0.40219.1
Project("{FAE04EC0-301F-11D3-BF4B-00C04F79EFBC}") = "Demo", "Demo\Demo.csproj", "{77B99531-579D-4C48-BBAA-41789BA75F13}"
EndProject
Project("{FAE04EC0-301F-11D3-BF4B-00C04F79EFBC}") = "WinOSD", "WinOSD\WinOSD.csproj", "{0C544869-F9FA-4372-88A1-E5E86C53F0A4}"
EndProject
Global
	GlobalSection(SolutionConfigurationPlatforms) = preSolution
		Debug|Any CPU = Debug|Any CPU
		Release|Any CPU = Release|Any CPU
	EndGlobalSection
	GlobalSection(ProjectConfigurationPlatforms) = postSolution
		{77B99531-579D-4C48-BBAA-41789BA75F13}.Debug|Any CPU.ActiveCfg = Debug|Any CPU
		{77B99531-579D-4C48-BBAA-41789BA75F13}.Debug|Any CPU.Build.0 = Debug|Any CPU
		{77B99531-579D-4C48-BBAA-41789BA75F13}.Release|Any CPU.ActiveCfg = Release|Any CPU
		{77B99531-579D-4C48-BBAA-41789BA75F13}.Release|Any CPU.Build.0 = Release|Any CPU
		{0C544869-F9FA-4372-88A1-E5E86C53F0A4}.Debug|Any CPU.ActiveCfg = Debug|Any CPU
		{0C544869-F9FA-4372-88A1-E5E86C53F0A4}.Debug|Any CPU.Build.0 = Debug|Any CPU
		{0C544869-F9FA-4372-88A1-E5E86C53F0A4}.Release|Any CPU.ActiveCfg = Release|Any CPU
		{0C544869-F9FA-4372-88A1-E5E86C53F0A4}.Release|Any CPU.Build.0 = Release|Any CPU
	EndGlobalSection
	GlobalSection(SolutionProperties) = preSolution
		HideSolutionNode = FALSE
	EndGlobalSection
	GlobalSection(ExtensibilityGlobals) = postSolution
		SolutionGuid = {6ADDBB45-3A45-4F90-8D7D-5E967D6B3C6C}
	EndGlobalSection
EndGlobal
